
Microsoft Visual Studio Solution File, Format Version 12.00
# Visual Studio 2015
Project("{FAE04EC0-301F-11D3-BF4B-00C04F79EFBC}") = "The bridge on the darkness", "The bridge on the darkness.csproj", "{67A8D238-4E18-8417-64BC-0CBD49C3CAB2}"
EndProject
Project("{FAE04EC0-301F-11D3-BF4B-00C04F79EFBC}") = "The bridge on the darkness.Editor", "The bridge on the darkness.Editor.csproj", "{E359B511-0AC8-3CF7-D9CC-8406F35BF781}"
EndProject
Global
	GlobalSection(SolutionConfigurationPlatforms) = preSolution
		Debug|Any CPU = Debug|Any CPU
		Release|Any CPU = Release|Any CPU
	EndGlobalSection
	GlobalSection(ProjectConfigurationPlatforms) = postSolution
		{67A8D238-4E18-8417-64BC-0CBD49C3CAB2}.Debug|Any CPU.ActiveCfg = Debug|Any CPU
		{67A8D238-4E18-8417-64BC-0CBD49C3CAB2}.Debug|Any CPU.Build.0 = Debug|Any CPU
		{67A8D238-4E18-8417-64BC-0CBD49C3CAB2}.Release|Any CPU.ActiveCfg = Release|Any CPU
		{67A8D238-4E18-8417-64BC-0CBD49C3CAB2}.Release|Any CPU.Build.0 = Release|Any CPU
		{E359B511-0AC8-3CF7-D9CC-8406F35BF781}.Debug|Any CPU.ActiveCfg = Debug|Any CPU
		{E359B511-0AC8-3CF7-D9CC-8406F35BF781}.Debug|Any CPU.Build.0 = Debug|Any CPU
		{E359B511-0AC8-3CF7-D9CC-8406F35BF781}.Release|Any CPU.ActiveCfg = Release|Any CPU
		{E359B511-0AC8-3CF7-D9CC-8406F35BF781}.Release|Any CPU.Build.0 = Release|Any CPU
	EndGlobalSection
	GlobalSection(SolutionProperties) = preSolution
		HideSolutionNode = FALSE
	EndGlobalSection
EndGlobal
